
Microsoft Visual Studio Solution File, Format Version 12.00
# Visual Studio Version 16
VisualStudioVersion = 16.0.30114.105
MinimumVisualStudioVersion = 10.0.40219.1
Project("{FAE04EC0-301F-11D3-BF4B-00C04F79EFBC}") = "OPS", "OPS\OPS.csproj", "{7B3561DF-3F11-41B2-85DD-1E8B9D576CE2}"
EndProject
Project("{FAE04EC0-301F-11D3-BF4B-00C04F79EFBC}") = "QuoteTree", "QuoteTree\QuoteTree.csproj", "{502C88DC-F9EC-4AE6-87F8-2F23CF0186F4}"
EndProject
Project("{FAE04EC0-301F-11D3-BF4B-00C04F79EFBC}") = "NCalc", "NCalc\NCalc.csproj", "{447C86CC-91BB-461C-AB32-00C327DC100B}"
EndProject
Global
	GlobalSection(SolutionConfigurationPlatforms) = preSolution
		Debug|Any CPU = Debug|Any CPU
		Release|Any CPU = Release|Any CPU
	EndGlobalSection
	GlobalSection(SolutionProperties) = preSolution
		HideSolutionNode = FALSE
	EndGlobalSection
	GlobalSection(ProjectConfigurationPlatforms) = postSolution
		{7B3561DF-3F11-41B2-85DD-1E8B9D576CE2}.Debug|Any CPU.ActiveCfg = Debug|Any CPU
		{7B3561DF-3F11-41B2-85DD-1E8B9D576CE2}.Debug|Any CPU.Build.0 = Debug|Any CPU
		{7B3561DF-3F11-41B2-85DD-1E8B9D576CE2}.Release|Any CPU.ActiveCfg = Release|Any CPU
		{7B3561DF-3F11-41B2-85DD-1E8B9D576CE2}.Release|Any CPU.Build.0 = Release|Any CPU
		{502C88DC-F9EC-4AE6-87F8-2F23CF0186F4}.Debug|Any CPU.ActiveCfg = Debug|Any CPU
		{502C88DC-F9EC-4AE6-87F8-2F23CF0186F4}.Debug|Any CPU.Build.0 = Debug|Any CPU
		{502C88DC-F9EC-4AE6-87F8-2F23CF0186F4}.Release|Any CPU.ActiveCfg = Release|Any CPU
		{502C88DC-F9EC-4AE6-87F8-2F23CF0186F4}.Release|Any CPU.Build.0 = Release|Any CPU
		{447C86CC-91BB-461C-AB32-00C327DC100B}.Debug|Any CPU.ActiveCfg = Debug|Any CPU
		{447C86CC-91BB-461C-AB32-00C327DC100B}.Debug|Any CPU.Build.0 = Debug|Any CPU
		{447C86CC-91BB-461C-AB32-00C327DC100B}.Release|Any CPU.ActiveCfg = Release|Any CPU
		{447C86CC-91BB-461C-AB32-00C327DC100B}.Release|Any CPU.Build.0 = Release|Any CPU
	EndGlobalSection
EndGlobal
