
Microsoft Visual Studio Solution File, Format Version 12.00
# Visual Studio Version 16
VisualStudioVersion = 25.0.1700.0
MinimumVisualStudioVersion = 10.0.40219.1
Project("{FAE04EC0-301F-11D3-BF4B-00C04F79EFBC}") = "OPS", "OPS.csproj", "{B4080C14-75EA-4094-A426-BFFCDE8CD2E2}"
EndProject
Global
	GlobalSection(SolutionConfigurationPlatforms) = preSolution
		Debug|Any CPU = Debug|Any CPU
		Release|Any CPU = Release|Any CPU
	EndGlobalSection
	GlobalSection(ProjectConfigurationPlatforms) = postSolution
		{B4080C14-75EA-4094-A426-BFFCDE8CD2E2}.Debug|Any CPU.ActiveCfg = Debug|Any CPU
		{B4080C14-75EA-4094-A426-BFFCDE8CD2E2}.Debug|Any CPU.Build.0 = Debug|Any CPU
		{B4080C14-75EA-4094-A426-BFFCDE8CD2E2}.Release|Any CPU.ActiveCfg = Release|Any CPU
		{B4080C14-75EA-4094-A426-BFFCDE8CD2E2}.Release|Any CPU.Build.0 = Release|Any CPU
	EndGlobalSection
	GlobalSection(SolutionProperties) = preSolution
		HideSolutionNode = FALSE
	EndGlobalSection
	GlobalSection(ExtensibilityGlobals) = postSolution
		SolutionGuid = {071202FA-B6C8-40B0-BDB5-D1D1A7245467}
	EndGlobalSection
EndGlobal
